
Microsoft Visual Studio Solution File, Format Version 12.00
# Visual Studio Version 17
VisualStudioVersion = 17.3.32804.467
MinimumVisualStudioVersion = 10.0.40219.1
Project("{FAE04EC0-301F-11D3-BF4B-00C04F79EFBC}") = "SegundoProblemaEstoque", "SegundoProblemaEstoque\SegundoProblemaEstoque.csproj", "{30A9449C-37B9-4731-A06E-4FAE5933D659}"
EndProject
Global
	GlobalSection(SolutionConfigurationPlatforms) = preSolution
		Debug|Any CPU = Debug|Any CPU
		Release|Any CPU = Release|Any CPU
	EndGlobalSection
	GlobalSection(ProjectConfigurationPlatforms) = postSolution
		{30A9449C-37B9-4731-A06E-4FAE5933D659}.Debug|Any CPU.ActiveCfg = Debug|Any CPU
		{30A9449C-37B9-4731-A06E-4FAE5933D659}.Debug|Any CPU.Build.0 = Debug|Any CPU
		{30A9449C-37B9-4731-A06E-4FAE5933D659}.Release|Any CPU.ActiveCfg = Release|Any CPU
		{30A9449C-37B9-4731-A06E-4FAE5933D659}.Release|Any CPU.Build.0 = Release|Any CPU
	EndGlobalSection
	GlobalSection(SolutionProperties) = preSolution
		HideSolutionNode = FALSE
	EndGlobalSection
	GlobalSection(ExtensibilityGlobals) = postSolution
		SolutionGuid = {7777C0EA-EB7B-4C48-97F1-7435C7997131}
	EndGlobalSection
EndGlobal
