
Microsoft Visual Studio Solution File, Format Version 12.00
# Visual Studio Version 17
VisualStudioVersion = 17.3.32804.467
MinimumVisualStudioVersion = 10.0.40219.1
Project("{FAE04EC0-301F-11D3-BF4B-00C04F79EFBC}") = "while", "while\while.csproj", "{CFAD2276-B051-4311-A589-7E2630B4FE9F}"
EndProject
Global
	GlobalSection(SolutionConfigurationPlatforms) = preSolution
		Debug|Any CPU = Debug|Any CPU
		Release|Any CPU = Release|Any CPU
	EndGlobalSection
	GlobalSection(ProjectConfigurationPlatforms) = postSolution
		{CFAD2276-B051-4311-A589-7E2630B4FE9F}.Debug|Any CPU.ActiveCfg = Debug|Any CPU
		{CFAD2276-B051-4311-A589-7E2630B4FE9F}.Debug|Any CPU.Build.0 = Debug|Any CPU
		{CFAD2276-B051-4311-A589-7E2630B4FE9F}.Release|Any CPU.ActiveCfg = Release|Any CPU
		{CFAD2276-B051-4311-A589-7E2630B4FE9F}.Release|Any CPU.Build.0 = Release|Any CPU
	EndGlobalSection
	GlobalSection(SolutionProperties) = preSolution
		HideSolutionNode = FALSE
	EndGlobalSection
	GlobalSection(ExtensibilityGlobals) = postSolution
		SolutionGuid = {0DE0F069-1DC8-4C54-B5A2-09CD92B27C5F}
	EndGlobalSection
EndGlobal
