
Microsoft Visual Studio Solution File, Format Version 12.00
# Visual Studio Version 17
VisualStudioVersion = 17.3.32804.467
MinimumVisualStudioVersion = 10.0.40219.1
Project("{FAE04EC0-301F-11D3-BF4B-00C04F79EFBC}") = "pt1", "pt1\pt1.csproj", "{9560415A-4440-43E1-8BD0-2F6FC98BBB4F}"
EndProject
Global
	GlobalSection(SolutionConfigurationPlatforms) = preSolution
		Debug|Any CPU = Debug|Any CPU
		Release|Any CPU = Release|Any CPU
	EndGlobalSection
	GlobalSection(ProjectConfigurationPlatforms) = postSolution
		{9560415A-4440-43E1-8BD0-2F6FC98BBB4F}.Debug|Any CPU.ActiveCfg = Debug|Any CPU
		{9560415A-4440-43E1-8BD0-2F6FC98BBB4F}.Debug|Any CPU.Build.0 = Debug|Any CPU
		{9560415A-4440-43E1-8BD0-2F6FC98BBB4F}.Release|Any CPU.ActiveCfg = Release|Any CPU
		{9560415A-4440-43E1-8BD0-2F6FC98BBB4F}.Release|Any CPU.Build.0 = Release|Any CPU
	EndGlobalSection
	GlobalSection(SolutionProperties) = preSolution
		HideSolutionNode = FALSE
	EndGlobalSection
	GlobalSection(ExtensibilityGlobals) = postSolution
		SolutionGuid = {C49A1D46-F10B-42FC-8E3F-65052FC3114E}
	EndGlobalSection
EndGlobal
