
Microsoft Visual Studio Solution File, Format Version 12.00
# Visual Studio Version 17
VisualStudioVersion = 17.4.33103.184
MinimumVisualStudioVersion = 10.0.40219.1
Project("{FAE04EC0-301F-11D3-BF4B-00C04F79EFBC}") = "Serializar_DeserializarFormatoXML", "Serializar_DeserializarFormatoXML\Serializar_DeserializarFormatoXML.csproj", "{B08DAF04-834C-4694-9D2B-9E5359BD58D8}"
EndProject
Global
	GlobalSection(SolutionConfigurationPlatforms) = preSolution
		Debug|Any CPU = Debug|Any CPU
		Release|Any CPU = Release|Any CPU
	EndGlobalSection
	GlobalSection(ProjectConfigurationPlatforms) = postSolution
		{B08DAF04-834C-4694-9D2B-9E5359BD58D8}.Debug|Any CPU.ActiveCfg = Debug|Any CPU
		{B08DAF04-834C-4694-9D2B-9E5359BD58D8}.Debug|Any CPU.Build.0 = Debug|Any CPU
		{B08DAF04-834C-4694-9D2B-9E5359BD58D8}.Release|Any CPU.ActiveCfg = Release|Any CPU
		{B08DAF04-834C-4694-9D2B-9E5359BD58D8}.Release|Any CPU.Build.0 = Release|Any CPU
	EndGlobalSection
	GlobalSection(SolutionProperties) = preSolution
		HideSolutionNode = FALSE
	EndGlobalSection
	GlobalSection(ExtensibilityGlobals) = postSolution
		SolutionGuid = {23D6BA64-A17D-4253-ACEB-D830D1AB15A9}
	EndGlobalSection
EndGlobal
