
Microsoft Visual Studio Solution File, Format Version 12.00
# Visual Studio Version 17
VisualStudioVersion = 17.3.32825.248
MinimumVisualStudioVersion = 10.0.40219.1
Project("{FAE04EC0-301F-11D3-BF4B-00C04F79EFBC}") = "Directory", "Directory\Directory.csproj", "{F570A2EF-6A61-49F5-8825-56364A1FCBAE}"
EndProject
Global
	GlobalSection(SolutionConfigurationPlatforms) = preSolution
		Debug|Any CPU = Debug|Any CPU
		Release|Any CPU = Release|Any CPU
	EndGlobalSection
	GlobalSection(ProjectConfigurationPlatforms) = postSolution
		{F570A2EF-6A61-49F5-8825-56364A1FCBAE}.Debug|Any CPU.ActiveCfg = Debug|Any CPU
		{F570A2EF-6A61-49F5-8825-56364A1FCBAE}.Debug|Any CPU.Build.0 = Debug|Any CPU
		{F570A2EF-6A61-49F5-8825-56364A1FCBAE}.Release|Any CPU.ActiveCfg = Release|Any CPU
		{F570A2EF-6A61-49F5-8825-56364A1FCBAE}.Release|Any CPU.Build.0 = Release|Any CPU
	EndGlobalSection
	GlobalSection(SolutionProperties) = preSolution
		HideSolutionNode = FALSE
	EndGlobalSection
	GlobalSection(ExtensibilityGlobals) = postSolution
		SolutionGuid = {9A03878F-A25E-47E6-89B0-827926F0A3E8}
	EndGlobalSection
EndGlobal
