
Microsoft Visual Studio Solution File, Format Version 12.00
# Visual Studio Version 17
VisualStudioVersion = 17.3.32825.248
MinimumVisualStudioVersion = 10.0.40219.1
Project("{FAE04EC0-301F-11D3-BF4B-00C04F79EFBC}") = "Estrutura-Try", "Estrutura-Try\Estrutura-Try.csproj", "{CC40D815-BB33-4E4A-B1A5-2182EC5B9FA5}"
EndProject
Global
	GlobalSection(SolutionConfigurationPlatforms) = preSolution
		Debug|Any CPU = Debug|Any CPU
		Release|Any CPU = Release|Any CPU
	EndGlobalSection
	GlobalSection(ProjectConfigurationPlatforms) = postSolution
		{CC40D815-BB33-4E4A-B1A5-2182EC5B9FA5}.Debug|Any CPU.ActiveCfg = Debug|Any CPU
		{CC40D815-BB33-4E4A-B1A5-2182EC5B9FA5}.Debug|Any CPU.Build.0 = Debug|Any CPU
		{CC40D815-BB33-4E4A-B1A5-2182EC5B9FA5}.Release|Any CPU.ActiveCfg = Release|Any CPU
		{CC40D815-BB33-4E4A-B1A5-2182EC5B9FA5}.Release|Any CPU.Build.0 = Release|Any CPU
	EndGlobalSection
	GlobalSection(SolutionProperties) = preSolution
		HideSolutionNode = FALSE
	EndGlobalSection
	GlobalSection(ExtensibilityGlobals) = postSolution
		SolutionGuid = {A731E6B7-4E3B-419D-A660-5695AE7F9514}
	EndGlobalSection
EndGlobal
