
Microsoft Visual Studio Solution File, Format Version 12.00
# Visual Studio Version 17
VisualStudioVersion = 17.3.32825.248
MinimumVisualStudioVersion = 10.0.40219.1
Project("{FAE04EC0-301F-11D3-BF4B-00C04F79EFBC}") = "HashSet", "HashSet\HashSet.csproj", "{C46A3E7B-ADA1-4D64-A26C-02BA82DA44BC}"
EndProject
Global
	GlobalSection(SolutionConfigurationPlatforms) = preSolution
		Debug|Any CPU = Debug|Any CPU
		Release|Any CPU = Release|Any CPU
	EndGlobalSection
	GlobalSection(ProjectConfigurationPlatforms) = postSolution
		{C46A3E7B-ADA1-4D64-A26C-02BA82DA44BC}.Debug|Any CPU.ActiveCfg = Debug|Any CPU
		{C46A3E7B-ADA1-4D64-A26C-02BA82DA44BC}.Debug|Any CPU.Build.0 = Debug|Any CPU
		{C46A3E7B-ADA1-4D64-A26C-02BA82DA44BC}.Release|Any CPU.ActiveCfg = Release|Any CPU
		{C46A3E7B-ADA1-4D64-A26C-02BA82DA44BC}.Release|Any CPU.Build.0 = Release|Any CPU
	EndGlobalSection
	GlobalSection(SolutionProperties) = preSolution
		HideSolutionNode = FALSE
	EndGlobalSection
	GlobalSection(ExtensibilityGlobals) = postSolution
		SolutionGuid = {4E76FD58-ED26-4F40-886D-91AA51C24C85}
	EndGlobalSection
EndGlobal
