
Microsoft Visual Studio Solution File, Format Version 12.00
# Visual Studio Version 17
VisualStudioVersion = 17.3.32804.467
MinimumVisualStudioVersion = 10.0.40219.1
Project("{FAE04EC0-301F-11D3-BF4B-00C04F79EFBC}") = "ExercicioFic1", "ExercicioFic1\ExercicioFic1.csproj", "{478FF912-8CEF-4DF1-9695-72F91569FDD7}"
EndProject
Global
	GlobalSection(SolutionConfigurationPlatforms) = preSolution
		Debug|Any CPU = Debug|Any CPU
		Release|Any CPU = Release|Any CPU
	EndGlobalSection
	GlobalSection(ProjectConfigurationPlatforms) = postSolution
		{478FF912-8CEF-4DF1-9695-72F91569FDD7}.Debug|Any CPU.ActiveCfg = Debug|Any CPU
		{478FF912-8CEF-4DF1-9695-72F91569FDD7}.Debug|Any CPU.Build.0 = Debug|Any CPU
		{478FF912-8CEF-4DF1-9695-72F91569FDD7}.Release|Any CPU.ActiveCfg = Release|Any CPU
		{478FF912-8CEF-4DF1-9695-72F91569FDD7}.Release|Any CPU.Build.0 = Release|Any CPU
	EndGlobalSection
	GlobalSection(SolutionProperties) = preSolution
		HideSolutionNode = FALSE
	EndGlobalSection
	GlobalSection(ExtensibilityGlobals) = postSolution
		SolutionGuid = {8FEFFE17-0426-4019-8B98-7FB94A1CDEA7}
	EndGlobalSection
EndGlobal
