
Microsoft Visual Studio Solution File, Format Version 12.00
# Visual Studio Version 17
VisualStudioVersion = 17.3.32804.467
MinimumVisualStudioVersion = 10.0.40219.1
Project("{FAE04EC0-301F-11D3-BF4B-00C04F79EFBC}") = "ExercicioFic", "ExercicioFic\ExercicioFic.csproj", "{7AF12A64-3DE0-4F08-BF12-EA6F38FF6C38}"
EndProject
Global
	GlobalSection(SolutionConfigurationPlatforms) = preSolution
		Debug|Any CPU = Debug|Any CPU
		Release|Any CPU = Release|Any CPU
	EndGlobalSection
	GlobalSection(ProjectConfigurationPlatforms) = postSolution
		{7AF12A64-3DE0-4F08-BF12-EA6F38FF6C38}.Debug|Any CPU.ActiveCfg = Debug|Any CPU
		{7AF12A64-3DE0-4F08-BF12-EA6F38FF6C38}.Debug|Any CPU.Build.0 = Debug|Any CPU
		{7AF12A64-3DE0-4F08-BF12-EA6F38FF6C38}.Release|Any CPU.ActiveCfg = Release|Any CPU
		{7AF12A64-3DE0-4F08-BF12-EA6F38FF6C38}.Release|Any CPU.Build.0 = Release|Any CPU
	EndGlobalSection
	GlobalSection(SolutionProperties) = preSolution
		HideSolutionNode = FALSE
	EndGlobalSection
	GlobalSection(ExtensibilityGlobals) = postSolution
		SolutionGuid = {6DC430BB-EB42-40CA-AED0-201132D0DE61}
	EndGlobalSection
EndGlobal
