
Microsoft Visual Studio Solution File, Format Version 12.00
# Visual Studio Version 17
VisualStudioVersion = 17.3.32804.467
MinimumVisualStudioVersion = 10.0.40219.1
Project("{FAE04EC0-301F-11D3-BF4B-00C04F79EFBC}") = "ExercicioDeFic", "ExercicioDeFic\ExercicioDeFic.csproj", "{35D000B3-1818-4B03-8A8B-0E0BD50FC80D}"
EndProject
Global
	GlobalSection(SolutionConfigurationPlatforms) = preSolution
		Debug|Any CPU = Debug|Any CPU
		Release|Any CPU = Release|Any CPU
	EndGlobalSection
	GlobalSection(ProjectConfigurationPlatforms) = postSolution
		{35D000B3-1818-4B03-8A8B-0E0BD50FC80D}.Debug|Any CPU.ActiveCfg = Debug|Any CPU
		{35D000B3-1818-4B03-8A8B-0E0BD50FC80D}.Debug|Any CPU.Build.0 = Debug|Any CPU
		{35D000B3-1818-4B03-8A8B-0E0BD50FC80D}.Release|Any CPU.ActiveCfg = Release|Any CPU
		{35D000B3-1818-4B03-8A8B-0E0BD50FC80D}.Release|Any CPU.Build.0 = Release|Any CPU
	EndGlobalSection
	GlobalSection(SolutionProperties) = preSolution
		HideSolutionNode = FALSE
	EndGlobalSection
	GlobalSection(ExtensibilityGlobals) = postSolution
		SolutionGuid = {A4C5EBFD-9B81-4D73-84A4-82A41450D9C5}
	EndGlobalSection
EndGlobal
