
Microsoft Visual Studio Solution File, Format Version 12.00
# Visual Studio Version 17
VisualStudioVersion = 17.3.32804.467
MinimumVisualStudioVersion = 10.0.40219.1
Project("{FAE04EC0-301F-11D3-BF4B-00C04F79EFBC}") = "ep2", "ep2\ep2.csproj", "{752F5F5A-A71F-4513-BB58-4FFAF732633A}"
EndProject
Global
	GlobalSection(SolutionConfigurationPlatforms) = preSolution
		Debug|Any CPU = Debug|Any CPU
		Release|Any CPU = Release|Any CPU
	EndGlobalSection
	GlobalSection(ProjectConfigurationPlatforms) = postSolution
		{752F5F5A-A71F-4513-BB58-4FFAF732633A}.Debug|Any CPU.ActiveCfg = Debug|Any CPU
		{752F5F5A-A71F-4513-BB58-4FFAF732633A}.Debug|Any CPU.Build.0 = Debug|Any CPU
		{752F5F5A-A71F-4513-BB58-4FFAF732633A}.Release|Any CPU.ActiveCfg = Release|Any CPU
		{752F5F5A-A71F-4513-BB58-4FFAF732633A}.Release|Any CPU.Build.0 = Release|Any CPU
	EndGlobalSection
	GlobalSection(SolutionProperties) = preSolution
		HideSolutionNode = FALSE
	EndGlobalSection
	GlobalSection(ExtensibilityGlobals) = postSolution
		SolutionGuid = {EC6A6531-227B-42D4-9C65-82AA8E601CD6}
	EndGlobalSection
EndGlobal
