
Microsoft Visual Studio Solution File, Format Version 12.00
# Visual Studio Version 17
VisualStudioVersion = 17.3.32804.467
MinimumVisualStudioVersion = 10.0.40219.1
Project("{FAE04EC0-301F-11D3-BF4B-00C04F79EFBC}") = "ExercicioFic3", "ExercicioFic3\ExercicioFic3.csproj", "{9E973C14-40F7-40D5-A640-1CFC35B15DAF}"
EndProject
Global
	GlobalSection(SolutionConfigurationPlatforms) = preSolution
		Debug|Any CPU = Debug|Any CPU
		Release|Any CPU = Release|Any CPU
	EndGlobalSection
	GlobalSection(ProjectConfigurationPlatforms) = postSolution
		{9E973C14-40F7-40D5-A640-1CFC35B15DAF}.Debug|Any CPU.ActiveCfg = Debug|Any CPU
		{9E973C14-40F7-40D5-A640-1CFC35B15DAF}.Debug|Any CPU.Build.0 = Debug|Any CPU
		{9E973C14-40F7-40D5-A640-1CFC35B15DAF}.Release|Any CPU.ActiveCfg = Release|Any CPU
		{9E973C14-40F7-40D5-A640-1CFC35B15DAF}.Release|Any CPU.Build.0 = Release|Any CPU
	EndGlobalSection
	GlobalSection(SolutionProperties) = preSolution
		HideSolutionNode = FALSE
	EndGlobalSection
	GlobalSection(ExtensibilityGlobals) = postSolution
		SolutionGuid = {654A61C9-6129-4F8B-ABCC-AA937F5079F7}
	EndGlobalSection
EndGlobal
